{
    "_meta": {
        "hash": {
            "sha256": "88fb094fc568110fa37b6ae7f2b38b91a7a11641919bdc5e7780904ad3e8fa16"
        },
        "pipfile-spec": 6,
        "requires": {
            "python_version": "3.11"
        },
        "sources": [
            {
                "name": "pypi",
                "url": "https://pypi.org/simple",
                "verify_ssl": true
            }
        ]
    },
    "default": {
        "logging": {
            "hashes": [
                "sha256:26f6b50773f085042d301085bd1bf5d9f3735704db9f37c1ce6d8b85c38f2417"
            ],
            "index": "pypi",
            "version": "==0.4.9.6"
        }
    },
    "develop": {}
}
